
Microsoft Visual Studio Solution File, Format Version 12.00
# Visual Studio 15
VisualStudioVersion = 15.0.28307.705
MinimumVisualStudioVersion = 10.0.40219.1
Project("{9A19103F-16F7-4668-BE54-9A1E7A4F7556}") = "ArticleProject.Api", "ArticleProject.Api\ArticleProject.Api.csproj", "{018D1E80-26BF-4C9F-B6C3-8B43B8D14A22}"
EndProject
Project("{9A19103F-16F7-4668-BE54-9A1E7A4F7556}") = "ArticleProject.Entities", "ArticleProject.Entities\ArticleProject.Entities.csproj", "{EFA1261E-B2A8-40EB-B898-23B36300C6C2}"
EndProject
Project("{FAE04EC0-301F-11D3-BF4B-00C04F79EFBC}") = "ArticleProject.Repository", "ArticleProject.Repository\ArticleProject.Repository.csproj", "{303D959E-8977-4410-B844-2FEC25F0D766}"
EndProject
Project("{FAE04EC0-301F-11D3-BF4B-00C04F79EFBC}") = "ArticleProject.Business", "ArticleProject.Business\ArticleProject.Business.csproj", "{3BC8C90B-7B38-4CF5-BFF5-5BBF554D9121}"
EndProject
Project("{FAE04EC0-301F-11D3-BF4B-00C04F79EFBC}") = "ArticleProject.Domain", "ArticleProject.Domain\ArticleProject.Domain.csproj", "{E602B45E-FDD4-4154-B454-E2561AB5CDA6}"
EndProject
Global
	GlobalSection(SolutionConfigurationPlatforms) = preSolution
		Debug|Any CPU = Debug|Any CPU
		Release|Any CPU = Release|Any CPU
	EndGlobalSection
	GlobalSection(ProjectConfigurationPlatforms) = postSolution
		{018D1E80-26BF-4C9F-B6C3-8B43B8D14A22}.Debug|Any CPU.ActiveCfg = Debug|Any CPU
		{018D1E80-26BF-4C9F-B6C3-8B43B8D14A22}.Debug|Any CPU.Build.0 = Debug|Any CPU
		{018D1E80-26BF-4C9F-B6C3-8B43B8D14A22}.Release|Any CPU.ActiveCfg = Release|Any CPU
		{018D1E80-26BF-4C9F-B6C3-8B43B8D14A22}.Release|Any CPU.Build.0 = Release|Any CPU
		{EFA1261E-B2A8-40EB-B898-23B36300C6C2}.Debug|Any CPU.ActiveCfg = Debug|Any CPU
		{EFA1261E-B2A8-40EB-B898-23B36300C6C2}.Debug|Any CPU.Build.0 = Debug|Any CPU
		{EFA1261E-B2A8-40EB-B898-23B36300C6C2}.Release|Any CPU.ActiveCfg = Release|Any CPU
		{EFA1261E-B2A8-40EB-B898-23B36300C6C2}.Release|Any CPU.Build.0 = Release|Any CPU
		{303D959E-8977-4410-B844-2FEC25F0D766}.Debug|Any CPU.ActiveCfg = Debug|Any CPU
		{303D959E-8977-4410-B844-2FEC25F0D766}.Debug|Any CPU.Build.0 = Debug|Any CPU
		{303D959E-8977-4410-B844-2FEC25F0D766}.Release|Any CPU.ActiveCfg = Release|Any CPU
		{303D959E-8977-4410-B844-2FEC25F0D766}.Release|Any CPU.Build.0 = Release|Any CPU
		{3BC8C90B-7B38-4CF5-BFF5-5BBF554D9121}.Debug|Any CPU.ActiveCfg = Debug|Any CPU
		{3BC8C90B-7B38-4CF5-BFF5-5BBF554D9121}.Debug|Any CPU.Build.0 = Debug|Any CPU
		{3BC8C90B-7B38-4CF5-BFF5-5BBF554D9121}.Release|Any CPU.ActiveCfg = Release|Any CPU
		{3BC8C90B-7B38-4CF5-BFF5-5BBF554D9121}.Release|Any CPU.Build.0 = Release|Any CPU
		{E602B45E-FDD4-4154-B454-E2561AB5CDA6}.Debug|Any CPU.ActiveCfg = Debug|Any CPU
		{E602B45E-FDD4-4154-B454-E2561AB5CDA6}.Debug|Any CPU.Build.0 = Debug|Any CPU
		{E602B45E-FDD4-4154-B454-E2561AB5CDA6}.Release|Any CPU.ActiveCfg = Release|Any CPU
		{E602B45E-FDD4-4154-B454-E2561AB5CDA6}.Release|Any CPU.Build.0 = Release|Any CPU
	EndGlobalSection
	GlobalSection(SolutionProperties) = preSolution
		HideSolutionNode = FALSE
	EndGlobalSection
	GlobalSection(ExtensibilityGlobals) = postSolution
		SolutionGuid = {94ADB1AE-43A6-426F-9055-1BA4F93A2F3F}
	EndGlobalSection
EndGlobal
